
Microsoft Visual Studio Solution File, Format Version 12.00
# Visual Studio for Mac
Project("{FAE04EC0-301F-11D3-BF4B-00C04F79EFBC}") = "2D hackday", "2D hackday.csproj", "{375BB7D3-C987-BAD8-8AAE-735E66C17579}"
EndProject
Global
	GlobalSection(SolutionConfigurationPlatforms) = preSolution
		Debug|Any CPU = Debug|Any CPU
		Release|Any CPU = Release|Any CPU
	EndGlobalSection
	GlobalSection(ProjectConfigurationPlatforms) = postSolution
		{375BB7D3-C987-BAD8-8AAE-735E66C17579}.Debug|Any CPU.ActiveCfg = Debug|Any CPU
		{375BB7D3-C987-BAD8-8AAE-735E66C17579}.Debug|Any CPU.Build.0 = Debug|Any CPU
		{375BB7D3-C987-BAD8-8AAE-735E66C17579}.Release|Any CPU.ActiveCfg = Release|Any CPU
		{375BB7D3-C987-BAD8-8AAE-735E66C17579}.Release|Any CPU.Build.0 = Release|Any CPU
	EndGlobalSection
	GlobalSection(SolutionProperties) = preSolution
		HideSolutionNode = FALSE
	EndGlobalSection
EndGlobal
